
Microsoft Visual Studio Solution File, Format Version 12.00
# Visual Studio Version 17
VisualStudioVersion = 17.3.32825.248
MinimumVisualStudioVersion = 10.0.40219.1
Project("{FAE04EC0-301F-11D3-BF4B-00C04F79EFBC}") = "bookwormbackend", "bookwormbackend.csproj", "{A98DFDAF-820C-4F65-A027-4D23FC5FE3CD}"
EndProject
Global
	GlobalSection(SolutionConfigurationPlatforms) = preSolution
		Debug|Any CPU = Debug|Any CPU
		Release|Any CPU = Release|Any CPU
	EndGlobalSection
	GlobalSection(ProjectConfigurationPlatforms) = postSolution
		{A98DFDAF-820C-4F65-A027-4D23FC5FE3CD}.Debug|Any CPU.ActiveCfg = Debug|Any CPU
		{A98DFDAF-820C-4F65-A027-4D23FC5FE3CD}.Debug|Any CPU.Build.0 = Debug|Any CPU
		{A98DFDAF-820C-4F65-A027-4D23FC5FE3CD}.Release|Any CPU.ActiveCfg = Release|Any CPU
		{A98DFDAF-820C-4F65-A027-4D23FC5FE3CD}.Release|Any CPU.Build.0 = Release|Any CPU
	EndGlobalSection
	GlobalSection(SolutionProperties) = preSolution
		HideSolutionNode = FALSE
	EndGlobalSection
	GlobalSection(ExtensibilityGlobals) = postSolution
		SolutionGuid = {53FA5485-24DA-415F-817E-DFF09F25C1DB}
	EndGlobalSection
EndGlobal
